github.com/beorn7/perks v1.0.1 h1:VlbKKohln15ztc0fQ4+NvN3NzIQm68CI915wn4mmQo=
github.com/beorn7/perks v1.0.1/go.mod h1:G2ZrVWU36Q+wweIlhh4PqJ+9EYiRn/9BqoChv5DqQ8=
github.com/matttproud/golang_protobuf_extensions/v2 v2.0.0 h1:jWpV7xVxm9jsYoJog2Cn3Vq2xo/5VvCFFpMwEyU/W0=
github.com/matttproud/golang_protobuf_extensions/v2 v2.0.0/go.mod h1:QUyp042oQthUoa9bqDv0ER0w/0A8z8tqpreviousError+Hv=
github.com/prometheus/client_golang v1.18.0 h1:HzFfmkOzH5Q8L8G+kSJKUx5dtG87g8gpYeCJ7PvQcY=
github.com/prometheus/client_golang v1.18.0/go.mod h1:T+GXkCk5wSJyks4ZqX8FWUI31C3LqYXIFHQnhaSetA=
github.com/prometheus/client_model v0.5.0 h1:VQw34cSfwJ+3ydCY4Flterq+tMsRBydBBQVqomjLmm=
github.com/prometheus/client_model v0.5.0/go.mod h1:dTiFF7PewhQ2zsV0ffWVqvLS+6XP1RlXY7Blc1Klein=
github.com/prometheus/common v0.45.0 h1:2BGz2ksem11HHBtyM0R5YdK6m6pBXvbEIzCW0M7+Ys=
github.com/prometheus/common v0.45.0/go.mod h1:lfq6oeKutwxXmEp40N6qTMk88yzEFqHqCfFe9r0tA0=
github.com/prometheus/procfs v0.12.0 h1:jluTtNjk06n+tVvTW+WPJLKrUUPaWDkzFRdPr2fzAc=
github.com/prometheus/procfs v0.12.0/go.mod h1:pcuDEFsWzvNgkrSnD3kIE+z3RoE4Dm33J03DLVnHMw=
github.com/rs/zerolog v1.31.0 h1:FcTR3NnSluJnrYfbaQPTY7o6+OF1pcLHggQiT7RuF8=
github.com/rs/zerolog v1.31.0/go.mod h1:ER5CLbMxl+UFi3YR4vpxyS1Rb6nCycA+IrUoFul1Re=
go.uber.org/multierr v1.11.0 h1:blXXJkSxSSfBVBlC2gZ5YK1yGlj7tfPDYN7HeqfDa4=
go.uber.org/multierr v1.11.0/go.mod h1:20+QtB9NXFkCnntsIIVMGuy7oWP45ysSoRWuMfjKDo=
go.uber.org/zap v1.26.0 h1:sI7k6L95SKSQ4NfH1iNYrMqJ7R7uskynBSf7W/Qvak=
go.uber.org/zap v1.26.0/go.mod h1:dtElZfnYkE15efYpJLLavAzSVc51ZFEi9kfQ8KTWe=
golang.org/x/sys v0.15.0 h1:frVn1UL+ax2HgoKEapMM2+w2bnwqh3l+D+onoysfY8=
golang.org/x/sys v0.15.0/go.mod h1:/VUheppy/M+VmwGrX54KMVfMFkG4TWBADFCLR3fqIo=
